
Microsoft Visual Studio Solution File, Format Version 12.00
# Visual Studio Version 17
VisualStudioVersion = 17.1.32414.318
MinimumVisualStudioVersion = 10.0.40219.1
Project("{FAE04EC0-301F-11D3-BF4B-00C04F79EFBC}") = "DapperTutorialPresentation", "DapperTutorialPresentation\DapperTutorialPresentation.csproj", "{9ABD5E84-2720-4160-AD7B-E050A4643043}"
EndProject
Project("{FAE04EC0-301F-11D3-BF4B-00C04F79EFBC}") = "DapperTutorialCore", "DapperTutorialCore\DapperTutorialCore.csproj", "{F26A8AEA-8C4D-49C7-AFA2-EF79FBB437AB}"
EndProject
Project("{FAE04EC0-301F-11D3-BF4B-00C04F79EFBC}") = "DapperTutorialInfrasturcture", "DapperTutorialInfrasturcture\DapperTutorialInfrasturcture.csproj", "{E3DF6EB9-C460-4CBD-B996-B992AFA6A5EE}"
EndProject
Global
	GlobalSection(SolutionConfigurationPlatforms) = preSolution
		Debug|Any CPU = Debug|Any CPU
		Release|Any CPU = Release|Any CPU
	EndGlobalSection
	GlobalSection(ProjectConfigurationPlatforms) = postSolution
		{9ABD5E84-2720-4160-AD7B-E050A4643043}.Debug|Any CPU.ActiveCfg = Debug|Any CPU
		{9ABD5E84-2720-4160-AD7B-E050A4643043}.Debug|Any CPU.Build.0 = Debug|Any CPU
		{9ABD5E84-2720-4160-AD7B-E050A4643043}.Release|Any CPU.ActiveCfg = Release|Any CPU
		{9ABD5E84-2720-4160-AD7B-E050A4643043}.Release|Any CPU.Build.0 = Release|Any CPU
		{F26A8AEA-8C4D-49C7-AFA2-EF79FBB437AB}.Debug|Any CPU.ActiveCfg = Debug|Any CPU
		{F26A8AEA-8C4D-49C7-AFA2-EF79FBB437AB}.Debug|Any CPU.Build.0 = Debug|Any CPU
		{F26A8AEA-8C4D-49C7-AFA2-EF79FBB437AB}.Release|Any CPU.ActiveCfg = Release|Any CPU
		{F26A8AEA-8C4D-49C7-AFA2-EF79FBB437AB}.Release|Any CPU.Build.0 = Release|Any CPU
		{E3DF6EB9-C460-4CBD-B996-B992AFA6A5EE}.Debug|Any CPU.ActiveCfg = Debug|Any CPU
		{E3DF6EB9-C460-4CBD-B996-B992AFA6A5EE}.Debug|Any CPU.Build.0 = Debug|Any CPU
		{E3DF6EB9-C460-4CBD-B996-B992AFA6A5EE}.Release|Any CPU.ActiveCfg = Release|Any CPU
		{E3DF6EB9-C460-4CBD-B996-B992AFA6A5EE}.Release|Any CPU.Build.0 = Release|Any CPU
	EndGlobalSection
	GlobalSection(SolutionProperties) = preSolution
		HideSolutionNode = FALSE
	EndGlobalSection
	GlobalSection(ExtensibilityGlobals) = postSolution
		SolutionGuid = {5F7D3F5C-9361-476F-A8BC-BF1F2ABA09CB}
	EndGlobalSection
EndGlobal
